github.com/bold-commerce/go-shopify/v4 v4.7.0 h1:UlP830+MyskJ1TvHInEK/jHtyYrcW3Vq0wRzUAoAFT4=
github.com/bold-commerce/go-shopify/v4 v4.7.0/go.mod h1:Sjg+C2CLNhYeCbwB6EedKgj2AHEBOP3ng+Eu1IfMf1U=
github.com/davecgh/go-spew v1.1.1/go.mod h1:J7Y8YcW2NihsgmVo/mv3lAwl/skON4iLHjSsI+c5H38=
github.com/go-rod/rod v0.116.2 h1:A5t2Ky2A+5eD/ZJQr1EfsQSe5rms5Xof/qj296e+ZqA=
github.com/go-rod/rod v0.116.2/go.mod h1:H+CMO9SCNc2TJ2WfrG+pKhITz57uGNYU43qYHh438Mg=
github.com/google/go-querystring v1.0.0 h1:Xkwi/a1rcvNg1PPYe5vI8GbeBY/jrVuDX5ASuANWTrk=
github.com/google/go-querystring v1.0.0/go.mod h1:odCYkC5MyYFN7vkCjXpyrEuKhc/BUO6wN/zVPAxq5ck=
github.com/jarcoal/httpmock v1.3.0 h1:2RJ8GP0IIaWwcC9Fp2BmVi8Kog3v2Hn7VXM3fTd+nuc=
github.com/jarcoal/httpmock v1.3.0/go.mod h1:3yb8rc4BI7TCBhFY8ng0gjuLKJNquuDNiPaZjnENuYg=
github.com/joho/godotenv v1.5.1 h1:7eLL/+HRGLY0ldzfGMeQkb7vMd0as4CfYvUVzLqw0N0=
github.com/joho/godotenv v1.5.1/go.mod h1:f4LDr5Voq0i2e/R5DDNOoa2zzDfwtkZa6DnEwAbqwq4=
github.com/maxatome/go-testdeep v1.12.0/go.mod h1:lPZc/HAcJMP92l7yI6TRz1aZN5URwUBUAfUNvrclaNM=
github.com/paulmach/go.geojson v1.5.0 h1:7mhpMK89SQdHFcEGomT7/LuJhwhEgfmpWYVlVmLEdQw=
github.com/paulmach/go.geojson v1.5.0/go.mod h1:DgdUy2rRVDDVgKqrjMe2vZAHMfhDTrjVKt3LmHIXGbU=
github.com/shopspring/decimal v0.0.0-20200105231215-408a2507e114 h1:Pm6R878vxWWWR+Sa3ppsLce/Zq+JNTs6aVvRu13jv9A=
github.com/shopspring/decimal v0.0.0-20200105231215-408a2507e114/go.mod h1:DKyhrW/HYNuLGql+MJL6WCR6knT2jwCFRcu2hWCYk4o=
github.com/ysmood/fetchup v0.2.3 h1:ulX+SonA0Vma5zUFXtv52Kzip/xe7aj4vqT5AJwQ+ZQ=
github.com/ysmood/fetchup v0.2.3/go.mod h1:xhibcRKziSvol0H1/pj33dnKrYyI2ebIvz5cOOkYGns=
github.com/ysmood/goob v0.4.0 h1:HsxXhyLBeGzWXnqVKtmT9qM7EuVs/XOgkX7T6r1o1AQ=
github.com/ysmood/goob v0.4.0/go.mod h1:u6yx7ZhS4Exf2MwciFr6nIM8knHQIE22lFpWHnfql18=
github.com/ysmood/gop v0.2.0 h1:+tFrG0TWPxT6p9ZaZs+VY+opCvHU8/3Fk6BaNv6kqKg=
github.com/ysmood/gop v0.2.0/go.mod h1:rr5z2z27oGEbyB787hpEcx4ab8cCiPnKxn0SUHt6xzk=
github.com/ysmood/got v0.40.0 h1:ZQk1B55zIvS7zflRrkGfPDrPG3d7+JOza1ZkNxcc74Q=
github.com/ysmood/got v0.40.0/go.mod h1:W7DdpuX6skL3NszLmAsC5hT7JAhuLZhByVzHTq874Qg=
github.com/ysmood/gotrace v0.6.0 h1:SyI1d4jclswLhg7SWTL6os3L1WOKeNn/ZtzVQF8QmdY=
github.com/ysmood/gotrace v0.6.0/go.mod h1:TzhIG7nHDry5//eYZDYcTzuJLYQIkykJzCRIo4/dzQM=
github.com/ysmood/gson v0.7.3 h1:QFkWbTH8MxyUTKPkVWAENJhxqdBa4lYTQWqZCiLG6kE=
github.com/ysmood/gson v0.7.3/go.mod h1:3Kzs5zDl21g5F/BlLTNcuAGAYLKt2lV5G8D1zF3RNmg=
github.com/ysmood/leakless v0.9.0 h1:qxCG5VirSBvmi3uynXFkcnLMzkphdh3xx5FtrORwDCU=
github.com/ysmood/leakless v0.9.0/go.mod h1:R8iAXPRaG97QJwqxs74RdwzcRHT1SWCGTNqY8q0JvMQ=
